
Microsoft Visual Studio Solution File, Format Version 12.00
# Visual Studio 14
VisualStudioVersion = 14.0.25420.1
MinimumVisualStudioVersion = 10.0.40219.1
Project("{FAE04EC0-301F-11D3-BF4B-00C04F79EFBC}") = "Webhooks.Interfaces", "Webhooks.Interfaces\Webhooks.Interfaces.csproj", "{61C93A39-41BF-4ACA-80B4-CB1D50A8858A}"
EndProject
Project("{FAE04EC0-301F-11D3-BF4B-00C04F79EFBC}") = "Webhooks", "Webhooks\Webhooks.csproj", "{7EBCBF14-ADDA-4BDA-89DA-EED6C6C584EB}"
EndProject
Project("{2150E333-8FDC-42A3-9474-1A3956D46DE8}") = "Tests", "Tests", "{9A706EE6-B1B4-4E8E-965F-AB23DF61F1A5}"
EndProject
Project("{FAE04EC0-301F-11D3-BF4B-00C04F79EFBC}") = "Webhooks.UnitTests", "Webhooks.UnitTests\Webhooks.UnitTests.csproj", "{68C50412-016C-41CF-9E28-82876730590E}"
EndProject
Project("{FAE04EC0-301F-11D3-BF4B-00C04F79EFBC}") = "Webhooks.Interfaces.UnitTests", "Webhooks.Interfaces.UnitTests\Webhooks.Interfaces.UnitTests.csproj", "{3A6B7F8D-CE85-49DE-B4EC-E91598C9D203}"
EndProject
Project("{FAE04EC0-301F-11D3-BF4B-00C04F79EFBC}") = "Webhooks.IntTests", "Webhooks.IntTests\Webhooks.IntTests.csproj", "{6D27D512-5CF4-41EE-A05B-69EF18DCE05D}"
EndProject
Project("{2150E333-8FDC-42A3-9474-1A3956D46DE8}") = "Solution Items", "Solution Items", "{2F17059F-751F-4823-ABE0-3E1A8FAF1279}"
	ProjectSection(SolutionItems) = preProject
		BuildConfiguration.targets = BuildConfiguration.targets
		GlobalAssemblyInfo.cs = GlobalAssemblyInfo.cs
	EndProjectSection
EndProject
Project("{2150E333-8FDC-42A3-9474-1A3956D46DE8}") = ".nuget", ".nuget", "{6A5E5416-1E83-4664-9794-AB66F37A1B24}"
EndProject
Project("{FAE04EC0-301F-11D3-BF4B-00C04F79EFBC}") = "UnitTesting.Common", "UnitTesting.Common\UnitTesting.Common.csproj", "{6468D272-EBA8-46BB-8D57-19E9EC3AB100}"
EndProject
Project("{FAE04EC0-301F-11D3-BF4B-00C04F79EFBC}") = "Webhooks.Common", "Webhooks.Common\Webhooks.Common.csproj", "{9607B2FC-6B77-41A1-910C-257CB786BD9C}"
EndProject
Project("{FAE04EC0-301F-11D3-BF4B-00C04F79EFBC}") = "Webhooks.Relays", "Webhooks.Relays\Webhooks.Relays.csproj", "{1F406B4F-E891-49D9-8435-64E2FDC343C8}"
EndProject
Project("{FAE04EC0-301F-11D3-BF4B-00C04F79EFBC}") = "Webhooks.Relays.UnitTests", "Webhooks.Relays.UnitTests\Webhooks.Relays.UnitTests.csproj", "{700D6CD9-2D37-4358-BEC4-5E84CA86E85A}"
EndProject
Project("{FAE04EC0-301F-11D3-BF4B-00C04F79EFBC}") = "Webhooks.OrmLite", "Webhooks.OrmLite\Webhooks.OrmLite.csproj", "{26284E4C-D5BB-4E3A-AA24-312DA9A468AB}"
EndProject
Project("{FAE04EC0-301F-11D3-BF4B-00C04F79EFBC}") = "Webhooks.OrmLite.IntTests", "Webhooks.OrmLite.IntTests\Webhooks.OrmLite.IntTests.csproj", "{FAEA8FB4-0B9D-4561-902B-5806707A4025}"
EndProject
Project("{FAE04EC0-301F-11D3-BF4B-00C04F79EFBC}") = "Webhooks.Interfaces.Signed", "Webhooks.Interfaces\Webhooks.Interfaces.Signed.csproj", "{4B07751F-086D-4471-8C69-4D91C0F622D3}"
EndProject
Project("{FAE04EC0-301F-11D3-BF4B-00C04F79EFBC}") = "Webhooks.Common.Signed", "Webhooks.Common\Webhooks.Common.Signed.csproj", "{BA85FEB9-3804-4369-808E-D087A3DBF441}"
EndProject
Project("{FAE04EC0-301F-11D3-BF4B-00C04F79EFBC}") = "Webhooks.Signed", "Webhooks\Webhooks.Signed.csproj", "{2A5F17AB-E931-43E7-98D0-715F19982A48}"
EndProject
Project("{FAE04EC0-301F-11D3-BF4B-00C04F79EFBC}") = "Webhooks.Relays.Signed", "Webhooks.Relays\Webhooks.Relays.Signed.csproj", "{82E6E2B6-3FEA-4F3A-8940-21D50EEE6032}"
EndProject
Project("{FAE04EC0-301F-11D3-BF4B-00C04F79EFBC}") = "Webhooks.OrmLite.Signed", "Webhooks.OrmLite\Webhooks.OrmLite.Signed.csproj", "{636336CD-087B-4371-9F34-B092954843C2}"
EndProject
Project("{FAE04EC0-301F-11D3-BF4B-00C04F79EFBC}") = "Webhooks.Subscribers", "Webhooks.Subscribers\Webhooks.Subscribers.csproj", "{670BBDD7-0CD5-4049-AC74-83E97C20DF38}"
EndProject
Project("{FAE04EC0-301F-11D3-BF4B-00C04F79EFBC}") = "Webhooks.Subscribers.Signed", "Webhooks.Subscribers\Webhooks.Subscribers.Signed.csproj", "{73950491-D0D1-4601-A3AE-F4957EA2C7D7}"
EndProject
Project("{FAE04EC0-301F-11D3-BF4B-00C04F79EFBC}") = "Webhooks.Subscribers.UnitTests", "Webhooks.Subscribers.UnitTests\Webhooks.Subscribers.UnitTests.csproj", "{35E2FFEC-7789-4E1A-8306-5243E2A15CB2}"
EndProject
Global
	GlobalSection(SolutionConfigurationPlatforms) = preSolution
		Debug|Any CPU = Debug|Any CPU
		Release|Any CPU = Release|Any CPU
		ReleaseNoTestDeploy|Any CPU = ReleaseNoTestDeploy|Any CPU
	EndGlobalSection
	GlobalSection(ProjectConfigurationPlatforms) = postSolution
		{61C93A39-41BF-4ACA-80B4-CB1D50A8858A}.Debug|Any CPU.ActiveCfg = Debug|Any CPU
		{61C93A39-41BF-4ACA-80B4-CB1D50A8858A}.Debug|Any CPU.Build.0 = Debug|Any CPU
		{61C93A39-41BF-4ACA-80B4-CB1D50A8858A}.Release|Any CPU.ActiveCfg = Release|Any CPU
		{61C93A39-41BF-4ACA-80B4-CB1D50A8858A}.Release|Any CPU.Build.0 = Release|Any CPU
		{61C93A39-41BF-4ACA-80B4-CB1D50A8858A}.ReleaseNoTestDeploy|Any CPU.ActiveCfg = ReleaseNoTestDeploy|Any CPU
		{61C93A39-41BF-4ACA-80B4-CB1D50A8858A}.ReleaseNoTestDeploy|Any CPU.Build.0 = ReleaseNoTestDeploy|Any CPU
		{7EBCBF14-ADDA-4BDA-89DA-EED6C6C584EB}.Debug|Any CPU.ActiveCfg = Debug|Any CPU
		{7EBCBF14-ADDA-4BDA-89DA-EED6C6C584EB}.Debug|Any CPU.Build.0 = Debug|Any CPU
		{7EBCBF14-ADDA-4BDA-89DA-EED6C6C584EB}.Release|Any CPU.ActiveCfg = Release|Any CPU
		{7EBCBF14-ADDA-4BDA-89DA-EED6C6C584EB}.Release|Any CPU.Build.0 = Release|Any CPU
		{7EBCBF14-ADDA-4BDA-89DA-EED6C6C584EB}.ReleaseNoTestDeploy|Any CPU.ActiveCfg = ReleaseNoTestDeploy|Any CPU
		{7EBCBF14-ADDA-4BDA-89DA-EED6C6C584EB}.ReleaseNoTestDeploy|Any CPU.Build.0 = ReleaseNoTestDeploy|Any CPU
		{68C50412-016C-41CF-9E28-82876730590E}.Debug|Any CPU.ActiveCfg = Debug|Any CPU
		{68C50412-016C-41CF-9E28-82876730590E}.Debug|Any CPU.Build.0 = Debug|Any CPU
		{68C50412-016C-41CF-9E28-82876730590E}.Release|Any CPU.ActiveCfg = Release|Any CPU
		{68C50412-016C-41CF-9E28-82876730590E}.Release|Any CPU.Build.0 = Release|Any CPU
		{68C50412-016C-41CF-9E28-82876730590E}.ReleaseNoTestDeploy|Any CPU.ActiveCfg = ReleaseNoTestDeploy|Any CPU
		{68C50412-016C-41CF-9E28-82876730590E}.ReleaseNoTestDeploy|Any CPU.Build.0 = ReleaseNoTestDeploy|Any CPU
		{3A6B7F8D-CE85-49DE-B4EC-E91598C9D203}.Debug|Any CPU.ActiveCfg = Debug|Any CPU
		{3A6B7F8D-CE85-49DE-B4EC-E91598C9D203}.Debug|Any CPU.Build.0 = Debug|Any CPU
		{3A6B7F8D-CE85-49DE-B4EC-E91598C9D203}.Release|Any CPU.ActiveCfg = Release|Any CPU
		{3A6B7F8D-CE85-49DE-B4EC-E91598C9D203}.Release|Any CPU.Build.0 = Release|Any CPU
		{3A6B7F8D-CE85-49DE-B4EC-E91598C9D203}.ReleaseNoTestDeploy|Any CPU.ActiveCfg = ReleaseNoTestDeploy|Any CPU
		{3A6B7F8D-CE85-49DE-B4EC-E91598C9D203}.ReleaseNoTestDeploy|Any CPU.Build.0 = ReleaseNoTestDeploy|Any CPU
		{6D27D512-5CF4-41EE-A05B-69EF18DCE05D}.Debug|Any CPU.ActiveCfg = Debug|Any CPU
		{6D27D512-5CF4-41EE-A05B-69EF18DCE05D}.Debug|Any CPU.Build.0 = Debug|Any CPU
		{6D27D512-5CF4-41EE-A05B-69EF18DCE05D}.Release|Any CPU.ActiveCfg = Release|Any CPU
		{6D27D512-5CF4-41EE-A05B-69EF18DCE05D}.Release|Any CPU.Build.0 = Release|Any CPU
		{6D27D512-5CF4-41EE-A05B-69EF18DCE05D}.ReleaseNoTestDeploy|Any CPU.ActiveCfg = ReleaseNoTestDeploy|Any CPU
		{6D27D512-5CF4-41EE-A05B-69EF18DCE05D}.ReleaseNoTestDeploy|Any CPU.Build.0 = ReleaseNoTestDeploy|Any CPU
		{6468D272-EBA8-46BB-8D57-19E9EC3AB100}.Debug|Any CPU.ActiveCfg = Debug|Any CPU
		{6468D272-EBA8-46BB-8D57-19E9EC3AB100}.Debug|Any CPU.Build.0 = Debug|Any CPU
		{6468D272-EBA8-46BB-8D57-19E9EC3AB100}.Release|Any CPU.ActiveCfg = Release|Any CPU
		{6468D272-EBA8-46BB-8D57-19E9EC3AB100}.Release|Any CPU.Build.0 = Release|Any CPU
		{6468D272-EBA8-46BB-8D57-19E9EC3AB100}.ReleaseNoTestDeploy|Any CPU.ActiveCfg = ReleaseNoTestDeploy|Any CPU
		{6468D272-EBA8-46BB-8D57-19E9EC3AB100}.ReleaseNoTestDeploy|Any CPU.Build.0 = ReleaseNoTestDeploy|Any CPU
		{9607B2FC-6B77-41A1-910C-257CB786BD9C}.Debug|Any CPU.ActiveCfg = Debug|Any CPU
		{9607B2FC-6B77-41A1-910C-257CB786BD9C}.Debug|Any CPU.Build.0 = Debug|Any CPU
		{9607B2FC-6B77-41A1-910C-257CB786BD9C}.Release|Any CPU.ActiveCfg = Release|Any CPU
		{9607B2FC-6B77-41A1-910C-257CB786BD9C}.Release|Any CPU.Build.0 = Release|Any CPU
		{9607B2FC-6B77-41A1-910C-257CB786BD9C}.ReleaseNoTestDeploy|Any CPU.ActiveCfg = ReleaseNoTestDeploy|Any CPU
		{9607B2FC-6B77-41A1-910C-257CB786BD9C}.ReleaseNoTestDeploy|Any CPU.Build.0 = ReleaseNoTestDeploy|Any CPU
		{1F406B4F-E891-49D9-8435-64E2FDC343C8}.Debug|Any CPU.ActiveCfg = Debug|Any CPU
		{1F406B4F-E891-49D9-8435-64E2FDC343C8}.Debug|Any CPU.Build.0 = Debug|Any CPU
		{1F406B4F-E891-49D9-8435-64E2FDC343C8}.Release|Any CPU.ActiveCfg = Release|Any CPU
		{1F406B4F-E891-49D9-8435-64E2FDC343C8}.Release|Any CPU.Build.0 = Release|Any CPU
		{1F406B4F-E891-49D9-8435-64E2FDC343C8}.ReleaseNoTestDeploy|Any CPU.ActiveCfg = ReleaseNoTestDeploy|Any CPU
		{1F406B4F-E891-49D9-8435-64E2FDC343C8}.ReleaseNoTestDeploy|Any CPU.Build.0 = ReleaseNoTestDeploy|Any CPU
		{700D6CD9-2D37-4358-BEC4-5E84CA86E85A}.Debug|Any CPU.ActiveCfg = Debug|Any CPU
		{700D6CD9-2D37-4358-BEC4-5E84CA86E85A}.Debug|Any CPU.Build.0 = Debug|Any CPU
		{700D6CD9-2D37-4358-BEC4-5E84CA86E85A}.Release|Any CPU.ActiveCfg = Release|Any CPU
		{700D6CD9-2D37-4358-BEC4-5E84CA86E85A}.Release|Any CPU.Build.0 = Release|Any CPU
		{700D6CD9-2D37-4358-BEC4-5E84CA86E85A}.ReleaseNoTestDeploy|Any CPU.ActiveCfg = ReleaseNoTestDeploy|Any CPU
		{700D6CD9-2D37-4358-BEC4-5E84CA86E85A}.ReleaseNoTestDeploy|Any CPU.Build.0 = ReleaseNoTestDeploy|Any CPU
		{26284E4C-D5BB-4E3A-AA24-312DA9A468AB}.Debug|Any CPU.ActiveCfg = Debug|Any CPU
		{26284E4C-D5BB-4E3A-AA24-312DA9A468AB}.Debug|Any CPU.Build.0 = Debug|Any CPU
		{26284E4C-D5BB-4E3A-AA24-312DA9A468AB}.Release|Any CPU.ActiveCfg = Release|Any CPU
		{26284E4C-D5BB-4E3A-AA24-312DA9A468AB}.Release|Any CPU.Build.0 = Release|Any CPU
		{26284E4C-D5BB-4E3A-AA24-312DA9A468AB}.ReleaseNoTestDeploy|Any CPU.ActiveCfg = ReleaseNoTestDeploy|Any CPU
		{26284E4C-D5BB-4E3A-AA24-312DA9A468AB}.ReleaseNoTestDeploy|Any CPU.Build.0 = ReleaseNoTestDeploy|Any CPU
		{FAEA8FB4-0B9D-4561-902B-5806707A4025}.Debug|Any CPU.ActiveCfg = Debug|Any CPU
		{FAEA8FB4-0B9D-4561-902B-5806707A4025}.Debug|Any CPU.Build.0 = Debug|Any CPU
		{FAEA8FB4-0B9D-4561-902B-5806707A4025}.Release|Any CPU.ActiveCfg = Release|Any CPU
		{FAEA8FB4-0B9D-4561-902B-5806707A4025}.Release|Any CPU.Build.0 = Release|Any CPU
		{FAEA8FB4-0B9D-4561-902B-5806707A4025}.ReleaseNoTestDeploy|Any CPU.ActiveCfg = ReleaseNoTestDeploy|Any CPU
		{FAEA8FB4-0B9D-4561-902B-5806707A4025}.ReleaseNoTestDeploy|Any CPU.Build.0 = ReleaseNoTestDeploy|Any CPU
		{4B07751F-086D-4471-8C69-4D91C0F622D3}.Debug|Any CPU.ActiveCfg = Debug|Any CPU
		{4B07751F-086D-4471-8C69-4D91C0F622D3}.Debug|Any CPU.Build.0 = Debug|Any CPU
		{4B07751F-086D-4471-8C69-4D91C0F622D3}.Release|Any CPU.ActiveCfg = Release|Any CPU
		{4B07751F-086D-4471-8C69-4D91C0F622D3}.Release|Any CPU.Build.0 = Release|Any CPU
		{4B07751F-086D-4471-8C69-4D91C0F622D3}.ReleaseNoTestDeploy|Any CPU.ActiveCfg = ReleaseNoTestDeploy|Any CPU
		{4B07751F-086D-4471-8C69-4D91C0F622D3}.ReleaseNoTestDeploy|Any CPU.Build.0 = ReleaseNoTestDeploy|Any CPU
		{BA85FEB9-3804-4369-808E-D087A3DBF441}.Debug|Any CPU.ActiveCfg = Debug|Any CPU
		{BA85FEB9-3804-4369-808E-D087A3DBF441}.Debug|Any CPU.Build.0 = Debug|Any CPU
		{BA85FEB9-3804-4369-808E-D087A3DBF441}.Release|Any CPU.ActiveCfg = Release|Any CPU
		{BA85FEB9-3804-4369-808E-D087A3DBF441}.Release|Any CPU.Build.0 = Release|Any CPU
		{BA85FEB9-3804-4369-808E-D087A3DBF441}.ReleaseNoTestDeploy|Any CPU.ActiveCfg = ReleaseNoTestDeploy|Any CPU
		{BA85FEB9-3804-4369-808E-D087A3DBF441}.ReleaseNoTestDeploy|Any CPU.Build.0 = ReleaseNoTestDeploy|Any CPU
		{2A5F17AB-E931-43E7-98D0-715F19982A48}.Debug|Any CPU.ActiveCfg = Debug|Any CPU
		{2A5F17AB-E931-43E7-98D0-715F19982A48}.Debug|Any CPU.Build.0 = Debug|Any CPU
		{2A5F17AB-E931-43E7-98D0-715F19982A48}.Release|Any CPU.ActiveCfg = Release|Any CPU
		{2A5F17AB-E931-43E7-98D0-715F19982A48}.Release|Any CPU.Build.0 = Release|Any CPU
		{2A5F17AB-E931-43E7-98D0-715F19982A48}.ReleaseNoTestDeploy|Any CPU.ActiveCfg = ReleaseNoTestDeploy|Any CPU
		{2A5F17AB-E931-43E7-98D0-715F19982A48}.ReleaseNoTestDeploy|Any CPU.Build.0 = ReleaseNoTestDeploy|Any CPU
		{82E6E2B6-3FEA-4F3A-8940-21D50EEE6032}.Debug|Any CPU.ActiveCfg = Debug|Any CPU
		{82E6E2B6-3FEA-4F3A-8940-21D50EEE6032}.Debug|Any CPU.Build.0 = Debug|Any CPU
		{82E6E2B6-3FEA-4F3A-8940-21D50EEE6032}.Release|Any CPU.ActiveCfg = Release|Any CPU
		{82E6E2B6-3FEA-4F3A-8940-21D50EEE6032}.Release|Any CPU.Build.0 = Release|Any CPU
		{82E6E2B6-3FEA-4F3A-8940-21D50EEE6032}.ReleaseNoTestDeploy|Any CPU.ActiveCfg = ReleaseNoTestDeploy|Any CPU
		{82E6E2B6-3FEA-4F3A-8940-21D50EEE6032}.ReleaseNoTestDeploy|Any CPU.Build.0 = ReleaseNoTestDeploy|Any CPU
		{636336CD-087B-4371-9F34-B092954843C2}.Debug|Any CPU.ActiveCfg = Debug|Any CPU
		{636336CD-087B-4371-9F34-B092954843C2}.Debug|Any CPU.Build.0 = Debug|Any CPU
		{636336CD-087B-4371-9F34-B092954843C2}.Release|Any CPU.ActiveCfg = Release|Any CPU
		{636336CD-087B-4371-9F34-B092954843C2}.Release|Any CPU.Build.0 = Release|Any CPU
		{636336CD-087B-4371-9F34-B092954843C2}.ReleaseNoTestDeploy|Any CPU.ActiveCfg = ReleaseNoTestDeploy|Any CPU
		{636336CD-087B-4371-9F34-B092954843C2}.ReleaseNoTestDeploy|Any CPU.Build.0 = ReleaseNoTestDeploy|Any CPU
		{670BBDD7-0CD5-4049-AC74-83E97C20DF38}.Debug|Any CPU.ActiveCfg = Debug|Any CPU
		{670BBDD7-0CD5-4049-AC74-83E97C20DF38}.Debug|Any CPU.Build.0 = Debug|Any CPU
		{670BBDD7-0CD5-4049-AC74-83E97C20DF38}.Release|Any CPU.ActiveCfg = Release|Any CPU
		{670BBDD7-0CD5-4049-AC74-83E97C20DF38}.Release|Any CPU.Build.0 = Release|Any CPU
		{670BBDD7-0CD5-4049-AC74-83E97C20DF38}.ReleaseNoTestDeploy|Any CPU.ActiveCfg = ReleaseNoTestDeploy|Any CPU
		{670BBDD7-0CD5-4049-AC74-83E97C20DF38}.ReleaseNoTestDeploy|Any CPU.Build.0 = ReleaseNoTestDeploy|Any CPU
		{73950491-D0D1-4601-A3AE-F4957EA2C7D7}.Debug|Any CPU.ActiveCfg = Debug|Any CPU
		{73950491-D0D1-4601-A3AE-F4957EA2C7D7}.Debug|Any CPU.Build.0 = Debug|Any CPU
		{73950491-D0D1-4601-A3AE-F4957EA2C7D7}.Release|Any CPU.ActiveCfg = Release|Any CPU
		{73950491-D0D1-4601-A3AE-F4957EA2C7D7}.Release|Any CPU.Build.0 = Release|Any CPU
		{73950491-D0D1-4601-A3AE-F4957EA2C7D7}.ReleaseNoTestDeploy|Any CPU.ActiveCfg = ReleaseNoTestDeploy|Any CPU
		{73950491-D0D1-4601-A3AE-F4957EA2C7D7}.ReleaseNoTestDeploy|Any CPU.Build.0 = ReleaseNoTestDeploy|Any CPU
		{35E2FFEC-7789-4E1A-8306-5243E2A15CB2}.Debug|Any CPU.ActiveCfg = Debug|Any CPU
		{35E2FFEC-7789-4E1A-8306-5243E2A15CB2}.Debug|Any CPU.Build.0 = Debug|Any CPU
		{35E2FFEC-7789-4E1A-8306-5243E2A15CB2}.Release|Any CPU.ActiveCfg = Release|Any CPU
		{35E2FFEC-7789-4E1A-8306-5243E2A15CB2}.Release|Any CPU.Build.0 = Release|Any CPU
		{35E2FFEC-7789-4E1A-8306-5243E2A15CB2}.ReleaseNoTestDeploy|Any CPU.ActiveCfg = ReleaseNoTestDeploy|Any CPU
		{35E2FFEC-7789-4E1A-8306-5243E2A15CB2}.ReleaseNoTestDeploy|Any CPU.Build.0 = ReleaseNoTestDeploy|Any CPU
	EndGlobalSection
	GlobalSection(SolutionProperties) = preSolution
		HideSolutionNode = FALSE
	EndGlobalSection
	GlobalSection(NestedProjects) = preSolution
		{68C50412-016C-41CF-9E28-82876730590E} = {9A706EE6-B1B4-4E8E-965F-AB23DF61F1A5}
		{3A6B7F8D-CE85-49DE-B4EC-E91598C9D203} = {9A706EE6-B1B4-4E8E-965F-AB23DF61F1A5}
		{6D27D512-5CF4-41EE-A05B-69EF18DCE05D} = {9A706EE6-B1B4-4E8E-965F-AB23DF61F1A5}
		{6468D272-EBA8-46BB-8D57-19E9EC3AB100} = {9A706EE6-B1B4-4E8E-965F-AB23DF61F1A5}
		{700D6CD9-2D37-4358-BEC4-5E84CA86E85A} = {9A706EE6-B1B4-4E8E-965F-AB23DF61F1A5}
		{FAEA8FB4-0B9D-4561-902B-5806707A4025} = {9A706EE6-B1B4-4E8E-965F-AB23DF61F1A5}
		{35E2FFEC-7789-4E1A-8306-5243E2A15CB2} = {9A706EE6-B1B4-4E8E-965F-AB23DF61F1A5}
	EndGlobalSection
EndGlobal
